
Microsoft Visual Studio Solution File, Format Version 12.00
# Visual Studio Version 16
VisualStudioVersion = 16.0.31702.278
MinimumVisualStudioVersion = 10.0.40219.1
Project("{9A19103F-16F7-4668-BE54-9A1E7A4F7556}") = "WebStore", "WebStore\WebStore.csproj", "{A89CFCF5-DCBF-4B1C-AE19-271EBAE0DD27}"
EndProject
Project("{9A19103F-16F7-4668-BE54-9A1E7A4F7556}") = "WebStore.Domain", "WebStore.Domain\WebStore.Domain.csproj", "{4F708221-7D11-4120-81FA-C26A85BF2828}"
EndProject
Project("{FAE04EC0-301F-11D3-BF4B-00C04F79EFBC}") = "WebStore.DAL", "WebStore.DAL\WebStore.DAL.csproj", "{A484E3C1-6C81-41F7-BA4E-7CA491A4A30C}"
EndProject
Global
	GlobalSection(SolutionConfigurationPlatforms) = preSolution
		Debug|Any CPU = Debug|Any CPU
		Release|Any CPU = Release|Any CPU
	EndGlobalSection
	GlobalSection(ProjectConfigurationPlatforms) = postSolution
		{A89CFCF5-DCBF-4B1C-AE19-271EBAE0DD27}.Debug|Any CPU.ActiveCfg = Debug|Any CPU
		{A89CFCF5-DCBF-4B1C-AE19-271EBAE0DD27}.Debug|Any CPU.Build.0 = Debug|Any CPU
		{A89CFCF5-DCBF-4B1C-AE19-271EBAE0DD27}.Release|Any CPU.ActiveCfg = Release|Any CPU
		{A89CFCF5-DCBF-4B1C-AE19-271EBAE0DD27}.Release|Any CPU.Build.0 = Release|Any CPU
		{4F708221-7D11-4120-81FA-C26A85BF2828}.Debug|Any CPU.ActiveCfg = Debug|Any CPU
		{4F708221-7D11-4120-81FA-C26A85BF2828}.Debug|Any CPU.Build.0 = Debug|Any CPU
		{4F708221-7D11-4120-81FA-C26A85BF2828}.Release|Any CPU.ActiveCfg = Release|Any CPU
		{4F708221-7D11-4120-81FA-C26A85BF2828}.Release|Any CPU.Build.0 = Release|Any CPU
		{A484E3C1-6C81-41F7-BA4E-7CA491A4A30C}.Debug|Any CPU.ActiveCfg = Debug|Any CPU
		{A484E3C1-6C81-41F7-BA4E-7CA491A4A30C}.Debug|Any CPU.Build.0 = Debug|Any CPU
		{A484E3C1-6C81-41F7-BA4E-7CA491A4A30C}.Release|Any CPU.ActiveCfg = Release|Any CPU
		{A484E3C1-6C81-41F7-BA4E-7CA491A4A30C}.Release|Any CPU.Build.0 = Release|Any CPU
	EndGlobalSection
	GlobalSection(SolutionProperties) = preSolution
		HideSolutionNode = FALSE
	EndGlobalSection
	GlobalSection(ExtensibilityGlobals) = postSolution
		SolutionGuid = {6EF523E1-B263-415B-937B-4E4004A0816A}
	EndGlobalSection
EndGlobal
